// !$*UTF8*$!
{
	archiveVersion = 1;
	classes = {
	};
	objectVersion = 56;
	objects = {

/* Begin PBXBuildFile section */
		BE81F1D62AFA916B0068D8A7 /* AppDelegate.swift in Sources */ = {isa = PBXBuildFile; fileRef = BE81F1D52AFA916B0068D8A7 /* AppDelegate.swift */; };
		BE81F1D82AFA916B0068D8A7 /* SceneDelegate.swift in Sources */ = {isa = PBXBuildFile; fileRef = BE81F1D72AFA916B0068D8A7 /* SceneDelegate.swift */; };
		BE81F1DA2AFA916B0068D8A7 /* ViewController.swift in Sources */ = {isa = PBXBuildFile; fileRef = BE81F1D92AFA916B0068D8A7 /* ViewController.swift */; };
		BE81F1DD2AFA916C0068D8A7 /* Main.storyboard in Resources */ = {isa = PBXBuildFile; fileRef = BE81F1DB2AFA916C0068D8A7 /* Main.storyboard */; };
		BE81F1DF2AFA916C0068D8A7 /* Assets.xcassets in Resources */ = {isa = PBXBuildFile; fileRef = BE81F1DE2AFA916C0068D8A7 /* Assets.xcassets */; };
		BE81F1E22AFA916C0068D8A7 /* LaunchScreen.storyboard in Resources */ = {isa = PBXBuildFile; fileRef = BE81F1E02AFA916C0068D8A7 /* LaunchScreen.storyboard */; };
		BE81F1ED2AFA916C0068D8A7 /* Apple_PieTests.swift in Sources */ = {isa = PBXBuildFile; fileRef = BE81F1EC2AFA916C0068D8A7 /* Apple_PieTests.swift */; };
		BE81F1F72AFA916C0068D8A7 /* Apple_PieUITests.swift in Sources */ = {isa = PBXBuildFile; fileRef = BE81F1F62AFA916C0068D8A7 /* Apple_PieUITests.swift */; };
		BE81F1F92AFA916C0068D8A7 /* Apple_PieUITestsLaunchTests.swift in Sources */ = {isa = PBXBuildFile; fileRef = BE81F1F82AFA916C0068D8A7 /* Apple_PieUITestsLaunchTests.swift */; };
		BE81F2062AFB435F0068D8A7 /* Game.swift in Sources */ = {isa = PBXBuildFile; fileRef = BE81F2052AFB435F0068D8A7 /* Game.swift */; };
/* End PBXBuildFile section */

/* Begin PBXContainerItemProxy section */
		BE81F1E92AFA916C0068D8A7 /* PBXContainerItemProxy */ = {
			isa = PBXContainerItemProxy;
			containerPortal = BE81F1CA2AFA916B0068D8A7 /* Project object */;
			proxyType = 1;
			remoteGlobalIDString = BE81F1D12AFA916B0068D8A7;
			remoteInfo = "Apple Pie";
		};
		BE81F1F32AFA916C0068D8A7 /* PBXContainerItemProxy */ = {
			isa = PBXContainerItemProxy;
			containerPortal = BE81F1CA2AFA916B0068D8A7 /* Project object */;
			proxyType = 1;
			remoteGlobalIDString = BE81F1D12AFA916B0068D8A7;
			remoteInfo = "Apple Pie";
		};
/* End PBXContainerItemProxy section */

/* Begin PBXFileReference section */
		BE81F1D22AFA916B0068D8A7 /* Apple Pie.app */ = {isa = PBXFileReference; explicitFileType = wrapper.application; includeInIndex = 0; path = "Apple Pie.app"; sourceTree = BUILT_PRODUCTS_DIR; };
		BE81F1D52AFA916B0068D8A7 /* AppDelegate.swift */ = {isa = PBXFileReference; lastKnownFileType = sourcecode.swift; path = AppDelegate.swift; sourceTree = "<group>"; };
		BE81F1D72AFA916B0068D8A7 /* SceneDelegate.swift */ = {isa = PBXFileReference; lastKnownFileType = sourcecode.swift; path = SceneDelegate.swift; sourceTree = "<group>"; };
		BE81F1D92AFA916B0068D8A7 /* ViewController.swift */ = {isa = PBXFileReference; lastKnownFileType = sourcecode.swift; path = ViewController.swift; sourceTree = "<group>"; };
		BE81F1DC2AFA916C0068D8A7 /* Base */ = {isa = PBXFileReference; lastKnownFileType = file.storyboard; name = Base; path = Base.lproj/Main.storyboard; sourceTree = "<group>"; };
		BE81F1DE2AFA916C0068D8A7 /* Assets.xcassets */ = {isa = PBXFileReference; lastKnownFileType = folder.assetcatalog; path = Assets.xcassets; sourceTree = "<group>"; };
		BE81F1E12AFA916C0068D8A7 /* Base */ = {isa = PBXFileReference; lastKnownFileType = file.storyboard; name = Base; path = Base.lproj/LaunchScreen.storyboard; sourceTree = "<group>"; };
		BE81F1E32AFA916C0068D8A7 /* Info.plist */ = {isa = PBXFileReference; lastKnownFileType = text.plist.xml; path = Info.plist; sourceTree = "<group>"; };
		BE81F1E82AFA916C0068D8A7 /* Apple PieTests.xctest */ = {isa = PBXFileReference; explicitFileType = wrapper.cfbundle; includeInIndex = 0; path = "Apple PieTests.xctest"; sourceTree = BUILT_PRODUCTS_DIR; };
		BE81F1EC2AFA916C0068D8A7 /* Apple_PieTests.swift */ = {isa = PBXFileReference; lastKnownFileType = sourcecode.swift; path = Apple_PieTests.swift; sourceTree = "<group>"; };
		BE81F1F22AFA916C0068D8A7 /* Apple PieUITests.xctest */ = {isa = PBXFileReference; explicitFileType = wrapper.cfbundle; includeInIndex = 0; path = "Apple PieUITests.xctest"; sourceTree = BUILT_PRODUCTS_DIR; };
		BE81F1F62AFA916C0068D8A7 /* Apple_PieUITests.swift */ = {isa = PBXFileReference; lastKnownFileType = sourcecode.swift; path = Apple_PieUITests.swift; sourceTree = "<group>"; };
		BE81F1F82AFA916C0068D8A7 /* Apple_PieUITestsLaunchTests.swift */ = {isa = PBXFileReference; lastKnownFileType = sourcecode.swift; path = Apple_PieUITestsLaunchTests.swift; sourceTree = "<group>"; };
		BE81F2052AFB435F0068D8A7 /* Game.swift */ = {isa = PBXFileReference; lastKnownFileType = sourcecode.swift; path = Game.swift; sourceTree = "<group>"; };
/* End PBXFileReference section */

/* Begin PBXFrameworksBuildPhase section */
		BE81F1CF2AFA916B0068D8A7 /* Frameworks */ = {
			isa = PBXFrameworksBuildPhase;
			buildActionMask = 2147483647;
			files = (
			);
			runOnlyForDeploymentPostprocessing = 0;
		};
		BE81F1E52AFA916C0068D8A7 /* Frameworks */ = {
			isa = PBXFrameworksBuildPhase;
			buildActionMask = 2147483647;
			files = (
			);
			runOnlyForDeploymentPostprocessing = 0;
		};
		BE81F1EF2AFA916C0068D8A7 /* Frameworks */ = {
			isa = PBXFrameworksBuildPhase;
			buildActionMask = 2147483647;
			files = (
			);
			runOnlyForDeploymentPostprocessing = 0;
		};
/* End PBXFrameworksBuildPhase section */

/* Begin PBXGroup section */
		BE81F1C92AFA916B0068D8A7 = {
			isa = PBXGroup;
			children = (
				BE81F2052AFB435F0068D8A7 /* Game.swift */,
				BE81F1D42AFA916B0068D8A7 /* Apple Pie */,
				BE81F1EB2AFA916C0068D8A7 /* Apple PieTests */,
				BE81F1F52AFA916C0068D8A7 /* Apple PieUITests */,
				BE81F1D32AFA916B0068D8A7 /* Products */,
			);
			sourceTree = "<group>";
		};
		BE81F1D32AFA916B0068D8A7 /* Products */ = {
			isa = PBXGroup;
			children = (
				BE81F1D22AFA916B0068D8A7 /* Apple Pie.app */,
				BE81F1E82AFA916C0068D8A7 /* Apple PieTests.xctest */,
				BE81F1F22AFA916C0068D8A7 /* Apple PieUITests.xctest */,
			);
			name = Products;
			sourceTree = "<group>";
		};
		BE81F1D42AFA916B0068D8A7 /* Apple Pie */ = {
			isa = PBXGroup;
			children = (
				BE81F1D52AFA916B0068D8A7 /* AppDelegate.swift */,
				BE81F1D72AFA916B0068D8A7 /* SceneDelegate.swift */,
				BE81F1D92AFA916B0068D8A7 /* ViewController.swift */,
				BE81F1DB2AFA916C0068D8A7 /* Main.storyboard */,
				BE81F1DE2AFA916C0068D8A7 /* Assets.xcassets */,
				BE81F1E02AFA916C0068D8A7 /* LaunchScreen.storyboard */,
				BE81F1E32AFA916C0068D8A7 /* Info.plist */,
			);
			path = "Apple Pie";
			sourceTree = "<group>";
		};
		BE81F1EB2AFA916C0068D8A7 /* Apple PieTests */ = {
			isa = PBXGroup;
			children = (
				BE81F1EC2AFA916C0068D8A7 /* Apple_PieTests.swift */,
			);
			path = "Apple PieTests";
			sourceTree = "<group>";
		};
		BE81F1F52AFA916C0068D8A7 /* Apple PieUITests */ = {
			isa = PBXGroup;
			children = (
				BE81F1F62AFA916C0068D8A7 /* Apple_PieUITests.swift */,
				BE81F1F82AFA916C0068D8A7 /* Apple_PieUITestsLaunchTests.swift */,
			);
			path = "Apple PieUITests";
			sourceTree = "<group>";
		};
/* End PBXGroup section */

/* Begin PBXNativeTarget section */
		BE81F1D12AFA916B0068D8A7 /* Apple Pie */ = {
			isa = PBXNativeTarget;
			buildConfigurationList = BE81F1FC2AFA916C0068D8A7 /* Build configuration list for PBXNativeTarget "Apple Pie" */;
			buildPhases = (
				BE81F1CE2AFA916B0068D8A7 /* Sources */,
				BE81F1CF2AFA916B0068D8A7 /* Frameworks */,
				BE81F1D02AFA916B0068D8A7 /* Resources */,
			);
			buildRules = (
			);
			dependencies = (
			);
			name = "Apple Pie";
			productName = "Apple Pie";
			productReference = BE81F1D22AFA916B0068D8A7 /* Apple Pie.app */;
			productType = "com.apple.product-type.application";
		};
		BE81F1E72AFA916C0068D8A7 /* Apple PieTests */ = {
			isa = PBXNativeTarget;
			buildConfigurationList = BE81F1FF2AFA916C0068D8A7 /* Build configuration list for PBXNativeTarget "Apple PieTests" */;
			buildPhases = (
				BE81F1E42AFA916C0068D8A7 /* Sources */,
				BE81F1E52AFA916C0068D8A7 /* Frameworks */,
				BE81F1E62AFA916C0068D8A7 /* Resources */,
			);
			buildRules = (
			);
			dependencies = (
				BE81F1EA2AFA916C0068D8A7 /* PBXTargetDependency */,
			);
			name = "Apple PieTests";
			productName = "Apple PieTests";
			productReference = BE81F1E82AFA916C0068D8A7 /* Apple PieTests.xctest */;
			productType = "com.apple.product-type.bundle.unit-test";
		};
		BE81F1F12AFA916C0068D8A7 /* Apple PieUITests */ = {
			isa = PBXNativeTarget;
			buildConfigurationList = BE81F2022AFA916C0068D8A7 /* Build configuration list for PBXNativeTarget "Apple PieUITests" */;
			buildPhases = (
				BE81F1EE2AFA916C0068D8A7 /* Sources */,
				BE81F1EF2AFA916C0068D8A7 /* Frameworks */,
				BE81F1F02AFA916C0068D8A7 /* Resources */,
			);
			buildRules = (
			);
			dependencies = (
				BE81F1F42AFA916C0068D8A7 /* PBXTargetDependency */,
			);
			name = "Apple PieUITests";
			productName = "Apple PieUITests";
			productReference = BE81F1F22AFA916C0068D8A7 /* Apple PieUITests.xctest */;
			productType = "com.apple.product-type.bundle.ui-testing";
		};
/* End PBXNativeTarget section */

/* Begin PBXProject section */
		BE81F1CA2AFA916B0068D8A7 /* Project object */ = {
			isa = PBXProject;
			attributes = {
				BuildIndependentTargetsInParallel = 1;
				LastSwiftUpdateCheck = 1430;
				LastUpgradeCheck = 1430;
				TargetAttributes = {
					BE81F1D12AFA916B0068D8A7 = {
						CreatedOnToolsVersion = 14.3.1;
					};
					BE81F1E72AFA916C0068D8A7 = {
						CreatedOnToolsVersion = 14.3.1;
						TestTargetID = BE81F1D12AFA916B0068D8A7;
					};
					BE81F1F12AFA916C0068D8A7 = {
						CreatedOnToolsVersion = 14.3.1;
						TestTargetID = BE81F1D12AFA916B0068D8A7;
					};
				};
			};
			buildConfigurationList = BE81F1CD2AFA916B0068D8A7 /* Build configuration list for PBXProject "Apple Pie" */;
			compatibilityVersion = "Xcode 14.0";
			developmentRegion = en;
			hasScannedForEncodings = 0;
			knownRegions = (
				en,
				Base,
			);
			mainGroup = BE81F1C92AFA916B0068D8A7;
			productRefGroup = BE81F1D32AFA916B0068D8A7 /* Products */;
			projectDirPath = "";
			projectRoot = "";
			targets = (
				BE81F1D12AFA916B0068D8A7 /* Apple Pie */,
				BE81F1E72AFA916C0068D8A7 /* Apple PieTests */,
				BE81F1F12AFA916C0068D8A7 /* Apple PieUITests */,
			);
		};
/* End PBXProject section */

/* Begin PBXResourcesBuildPhase section */
		BE81F1D02AFA916B0068D8A7 /* Resources */ = {
			isa = PBXResourcesBuildPhase;
			buildActionMask = 2147483647;
			files = (
				BE81F1E22AFA916C0068D8A7 /* LaunchScreen.storyboard in Resources */,
				BE81F1DF2AFA916C0068D8A7 /* Assets.xcassets in Resources */,
				BE81F1DD2AFA916C0068D8A7 /* Main.storyboard in Resources */,
			);
			runOnlyForDeploymentPostprocessing = 0;
		};
		BE81F1E62AFA916C0068D8A7 /* Resources */ = {
			isa = PBXResourcesBuildPhase;
			buildActionMask = 2147483647;
			files = (
			);
			runOnlyForDeploymentPostprocessing = 0;
		};
		BE81F1F02AFA916C0068D8A7 /* Resources */ = {
			isa = PBXResourcesBuildPhase;
			buildActionMask = 2147483647;
			files = (
			);
			runOnlyForDeploymentPostprocessing = 0;
		};
/* End PBXResourcesBuildPhase section */

/* Begin PBXSourcesBuildPhase section */
		BE81F1CE2AFA916B0068D8A7 /* Sources */ = {
			isa = PBXSourcesBuildPhase;
			buildActionMask = 2147483647;
			files = (
				BE81F1DA2AFA916B0068D8A7 /* ViewController.swift in Sources */,
				BE81F1D62AFA916B0068D8A7 /* AppDelegate.swift in Sources */,
				BE81F1D82AFA916B0068D8A7 /* SceneDelegate.swift in Sources */,
				BE81F2062AFB435F0068D8A7 /* Game.swift in Sources */,
			);
			runOnlyForDeploymentPostprocessing = 0;
		};
		BE81F1E42AFA916C0068D8A7 /* Sources */ = {
			isa = PBXSourcesBuildPhase;
			buildActionMask = 2147483647;
			files = (
				BE81F1ED2AFA916C0068D8A7 /* Apple_PieTests.swift in Sources */,
			);
			runOnlyForDeploymentPostprocessing = 0;
		};
		BE81F1EE2AFA916C0068D8A7 /* Sources */ = {
			isa = PBXSourcesBuildPhase;
			buildActionMask = 2147483647;
			files = (
				BE81F1F92AFA916C0068D8A7 /* Apple_PieUITestsLaunchTests.swift in Sources */,
				BE81F1F72AFA916C0068D8A7 /* Apple_PieUITests.swift in Sources */,
			);
			runOnlyForDeploymentPostprocessing = 0;
		};
/* End PBXSourcesBuildPhase section */

/* Begin PBXTargetDependency section */
		BE81F1EA2AFA916C0068D8A7 /* PBXTargetDependency */ = {
			isa = PBXTargetDependency;
			target = BE81F1D12AFA916B0068D8A7 /* Apple Pie */;
			targetProxy = BE81F1E92AFA916C0068D8A7 /* PBXContainerItemProxy */;
		};
		BE81F1F42AFA916C0068D8A7 /* PBXTargetDependency */ = {
			isa = PBXTargetDependency;
			target = BE81F1D12AFA916B0068D8A7 /* Apple Pie */;
			targetProxy = BE81F1F32AFA916C0068D8A7 /* PBXContainerItemProxy */;
		};
/* End PBXTargetDependency section */

/* Begin PBXVariantGroup section */
		BE81F1DB2AFA916C0068D8A7 /* Main.storyboard */ = {
			isa = PBXVariantGroup;
			children = (
				BE81F1DC2AFA916C0068D8A7 /* Base */,
			);
			name = Main.storyboard;
			sourceTree = "<group>";
		};
		BE81F1E02AFA916C0068D8A7 /* LaunchScreen.storyboard */ = {
			isa = PBXVariantGroup;
			children = (
				BE81F1E12AFA916C0068D8A7 /* Base */,
			);
			name = LaunchScreen.storyboard;
			sourceTree = "<group>";
		};
/* End PBXVariantGroup section */

/* Begin XCBuildConfiguration section */
		BE81F1FA2AFA916C0068D8A7 /* Debug */ = {
			isa = XCBuildConfiguration;
			buildSettings = {
				ALWAYS_SEARCH_USER_PATHS = NO;
				CLANG_ANALYZER_NONNULL = YES;
				CLANG_ANALYZER_NUMBER_OBJECT_CONVERSION = YES_AGGRESSIVE;
				CLANG_CXX_LANGUAGE_STANDARD = "gnu++20";
				CLANG_ENABLE_MODULES = YES;
				CLANG_ENABLE_OBJC_ARC = YES;
				CLANG_ENABLE_OBJC_WEAK = YES;
				CLANG_WARN_BLOCK_CAPTURE_AUTORELEASING = YES;
				CLANG_WARN_BOOL_CONVERSION = YES;
				CLANG_WARN_COMMA = YES;
				CLANG_WARN_CONSTANT_CONVERSION = YES;
				CLANG_WARN_DEPRECATED_OBJC_IMPLEMENTATIONS = YES;
				CLANG_WARN_DIRECT_OBJC_ISA_USAGE = YES_ERROR;
				CLANG_WARN_DOCUMENTATION_COMMENTS = YES;
				CLANG_WARN_EMPTY_BODY = YES;
				CLANG_WARN_ENUM_CONVERSION = YES;
				CLANG_WARN_INFINITE_RECURSION = YES;
				CLANG_WARN_INT_CONVERSION = YES;
				CLANG_WARN_NON_LITERAL_NULL_CONVERSION = YES;
				CLANG_WARN_OBJC_IMPLICIT_RETAIN_SELF = YES;
				CLANG_WARN_OBJC_LITERAL_CONVERSION = YES;
				CLANG_WARN_OBJC_ROOT_CLASS = YES_ERROR;
				CLANG_WARN_QUOTED_INCLUDE_IN_FRAMEWORK_HEADER = YES;
				CLANG_WARN_RANGE_LOOP_ANALYSIS = YES;
				CLANG_WARN_STRICT_PROTOTYPES = YES;
				CLANG_WARN_SUSPICIOUS_MOVE = YES;
				CLANG_WARN_UNGUARDED_AVAILABILITY = YES_AGGRESSIVE;
				CLANG_WARN_UNREACHABLE_CODE = YES;
				CLANG_WARN__DUPLICATE_METHOD_MATCH = YES;
				COPY_PHASE_STRIP = NO;
				DEBUG_INFORMATION_FORMAT = dwarf;
				ENABLE_STRICT_OBJC_MSGSEND = YES;
				ENABLE_TESTABILITY = YES;
				GCC_C_LANGUAGE_STANDARD = gnu11;
				GCC_DYNAMIC_NO_PIC = NO;
				GCC_NO_COMMON_BLOCKS = YES;
				GCC_OPTIMIZATION_LEVEL = 0;
				GCC_PREPROCESSOR_DEFINITIONS = (
					"DEBUG=1",
					"$(inherited)",
				);
				GCC_WARN_64_TO_32_BIT_CONVERSION = YES;
				GCC_WARN_ABOUT_RETURN_TYPE = YES_ERROR;
				GCC_WARN_UNDECLARED_SELECTOR = YES;
				GCC_WARN_UNINITIALIZED_AUTOS = YES_AGGRESSIVE;
				GCC_WARN_UNUSED_FUNCTION = YES;
				GCC_WARN_UNUSED_VARIABLE = YES;
				IPHONEOS_DEPLOYMENT_TARGET = 16.4;
				MTL_ENABLE_DEBUG_INFO = INCLUDE_SOURCE;
				MTL_FAST_MATH = YES;
				ONLY_ACTIVE_ARCH = YES;
				SDKROOT = iphoneos;
				SWIFT_ACTIVE_COMPILATION_CONDITIONS = DEBUG;
				SWIFT_OPTIMIZATION_LEVEL = "-Onone";
			};
			name = Debug;
		};
		BE81F1FB2AFA916C0068D8A7 /* Release */ = {
			isa = XCBuildConfiguration;
			buildSettings = {
				ALWAYS_SEARCH_USER_PATHS = NO;
				CLANG_ANALYZER_NONNULL = YES;
				CLANG_ANALYZER_NUMBER_OBJECT_CONVERSION = YES_AGGRESSIVE;
				CLANG_CXX_LANGUAGE_STANDARD = "gnu++20";
				CLANG_ENABLE_MODULES = YES;
				CLANG_ENABLE_OBJC_ARC = YES;
				CLANG_ENABLE_OBJC_WEAK = YES;
				CLANG_WARN_BLOCK_CAPTURE_AUTORELEASING = YES;
				CLANG_WARN_BOOL_CONVERSION = YES;
				CLANG_WARN_COMMA = YES;
				CLANG_WARN_CONSTANT_CONVERSION = YES;
				CLANG_WARN_DEPRECATED_OBJC_IMPLEMENTATIONS = YES;
				CLANG_WARN_DIRECT_OBJC_ISA_USAGE = YES_ERROR;
				CLANG_WARN_DOCUMENTATION_COMMENTS = YES;
				CLANG_WARN_EMPTY_BODY = YES;
				CLANG_WARN_ENUM_CONVERSION = YES;
				CLANG_WARN_INFINITE_RECURSION = YES;
				CLANG_WARN_INT_CONVERSION = YES;
				CLANG_WARN_NON_LITERAL_NULL_CONVERSION = YES;
				CLANG_WARN_OBJC_IMPLICIT_RETAIN_SELF = YES;
				CLANG_WARN_OBJC_LITERAL_CONVERSION = YES;
				CLANG_WARN_OBJC_ROOT_CLASS = YES_ERROR;
				CLANG_WARN_QUOTED_INCLUDE_IN_FRAMEWORK_HEADER = YES;
				CLANG_WARN_RANGE_LOOP_ANALYSIS = YES;
				CLANG_WARN_STRICT_PROTOTYPES = YES;
				CLANG_WARN_SUSPICIOUS_MOVE = YES;
				CLANG_WARN_UNGUARDED_AVAILABILITY = YES_AGGRESSIVE;
				CLANG_WARN_UNREACHABLE_CODE = YES;
				CLANG_WARN__DUPLICATE_METHOD_MATCH = YES;
				COPY_PHASE_STRIP = NO;
				DEBUG_INFORMATION_FORMAT = "dwarf-with-dsym";
				ENABLE_NS_ASSERTIONS = NO;
				ENABLE_STRICT_OBJC_MSGSEND = YES;
				GCC_C_LANGUAGE_STANDARD = gnu11;
				GCC_NO_COMMON_BLOCKS = YES;
				GCC_WARN_64_TO_32_BIT_CONVERSION = YES;
				GCC_WARN_ABOUT_RETURN_TYPE = YES_ERROR;
				GCC_WARN_UNDECLARED_SELECTOR = YES;
				GCC_WARN_UNINITIALIZED_AUTOS = YES_AGGRESSIVE;
				GCC_WARN_UNUSED_FUNCTION = YES;
				GCC_WARN_UNUSED_VARIABLE = YES;
				IPHONEOS_DEPLOYMENT_TARGET = 16.4;
				MTL_ENABLE_DEBUG_INFO = NO;
				MTL_FAST_MATH = YES;
				SDKROOT = iphoneos;
				SWIFT_COMPILATION_MODE = wholemodule;
				SWIFT_OPTIMIZATION_LEVEL = "-O";
				VALIDATE_PRODUCT = YES;
			};
			name = Release;
		};
		BE81F1FD2AFA916C0068D8A7 /* Debug */ = {
			isa = XCBuildConfiguration;
			buildSettings = {
				ASSETCATALOG_COMPILER_APPICON_NAME = AppIcon;
				ASSETCATALOG_COMPILER_GLOBAL_ACCENT_COLOR_NAME = AccentColor;
				CODE_SIGN_STYLE = Automatic;
				CURRENT_PROJECT_VERSION = 1;
				GENERATE_INFOPLIST_FILE = YES;
				INFOPLIST_FILE = "Apple Pie/Info.plist";
				INFOPLIST_KEY_UIApplicationSupportsIndirectInputEvents = YES;
				INFOPLIST_KEY_UILaunchStoryboardName = LaunchScreen;
				INFOPLIST_KEY_UIMainStoryboardFile = Main;
				INFOPLIST_KEY_UISupportedInterfaceOrientations_iPad = "UIInterfaceOrientationLandscapeLeft UIInterfaceOrientationLandscapeRight UIInterfaceOrientationPortrait UIInterfaceOrientationPortraitUpsideDown";
				LD_RUNPATH_SEARCH_PATHS = (
					"$(inherited)",
					"@executable_path/Frameworks",
				);
				MARKETING_VERSION = 1.0;
				PRODUCT_BUNDLE_IDENTIFIER = "MobileApps.Apple-Pie";
				PRODUCT_NAME = "$(TARGET_NAME)";
				SUPPORTED_PLATFORMS = "iphoneos iphonesimulator";
				SUPPORTS_MACCATALYST = NO;
				SUPPORTS_MAC_DESIGNED_FOR_IPHONE_IPAD = YES;
				SWIFT_EMIT_LOC_STRINGS = YES;
				SWIFT_VERSION = 5.0;
				TARGETED_DEVICE_FAMILY = 2;
			};
			name = Debug;
		};
		BE81F1FE2AFA916C0068D8A7 /* Release */ = {
			isa = XCBuildConfiguration;
			buildSettings = {
				ASSETCATALOG_COMPILER_APPICON_NAME = AppIcon;
				ASSETCATALOG_COMPILER_GLOBAL_ACCENT_COLOR_NAME = AccentColor;
				CODE_SIGN_STYLE = Automatic;
				CURRENT_PROJECT_VERSION = 1;
				GENERATE_INFOPLIST_FILE = YES;
				INFOPLIST_FILE = "Apple Pie/Info.plist";
				INFOPLIST_KEY_UIApplicationSupportsIndirectInputEvents = YES;
				INFOPLIST_KEY_UILaunchStoryboardName = LaunchScreen;
				INFOPLIST_KEY_UIMainStoryboardFile = Main;
				INFOPLIST_KEY_UISupportedInterfaceOrientations_iPad = "UIInterfaceOrientationLandscapeLeft UIInterfaceOrientationLandscapeRight UIInterfaceOrientationPortrait UIInterfaceOrientationPortraitUpsideDown";
				LD_RUNPATH_SEARCH_PATHS = (
					"$(inherited)",
					"@executable_path/Frameworks",
				);
				MARKETING_VERSION = 1.0;
				PRODUCT_BUNDLE_IDENTIFIER = "MobileApps.Apple-Pie";
				PRODUCT_NAME = "$(TARGET_NAME)";
				SUPPORTED_PLATFORMS = "iphoneos iphonesimulator";
				SUPPORTS_MACCATALYST = NO;
				SUPPORTS_MAC_DESIGNED_FOR_IPHONE_IPAD = YES;
				SWIFT_EMIT_LOC_STRINGS = YES;
				SWIFT_VERSION = 5.0;
				TARGETED_DEVICE_FAMILY = 2;
			};
			name = Release;
		};
		BE81F2002AFA916C0068D8A7 /* Debug */ = {
			isa = XCBuildConfiguration;
			buildSettings = {
				ALWAYS_EMBED_SWIFT_STANDARD_LIBRARIES = YES;
				BUNDLE_LOADER = "$(TEST_HOST)";
				CODE_SIGN_STYLE = Automatic;
				CURRENT_PROJECT_VERSION = 1;
				GENERATE_INFOPLIST_FILE = YES;
				IPHONEOS_DEPLOYMENT_TARGET = 16.4;
				MARKETING_VERSION = 1.0;
				PRODUCT_BUNDLE_IDENTIFIER = "MobileApps.Apple-PieTests";
				PRODUCT_NAME = "$(TARGET_NAME)";
				SWIFT_EMIT_LOC_STRINGS = NO;
				SWIFT_VERSION = 5.0;
				TARGETED_DEVICE_FAMILY = "1,2";
				TEST_HOST = "$(BUILT_PRODUCTS_DIR)/Apple Pie.app/$(BUNDLE_EXECUTABLE_FOLDER_PATH)/Apple Pie";
			};
			name = Debug;
		};
		BE81F2012AFA916C0068D8A7 /* Release */ = {
			isa = XCBuildConfiguration;
			buildSettings = {
				ALWAYS_EMBED_SWIFT_STANDARD_LIBRARIES = YES;
				BUNDLE_LOADER = "$(TEST_HOST)";
				CODE_SIGN_STYLE = Automatic;
				CURRENT_PROJECT_VERSION = 1;
				GENERATE_INFOPLIST_FILE = YES;
				IPHONEOS_DEPLOYMENT_TARGET = 16.4;
				MARKETING_VERSION = 1.0;
				PRODUCT_BUNDLE_IDENTIFIER = "MobileApps.Apple-PieTests";
				PRODUCT_NAME = "$(TARGET_NAME)";
				SWIFT_EMIT_LOC_STRINGS = NO;
				SWIFT_VERSION = 5.0;
				TARGETED_DEVICE_FAMILY = "1,2";
				TEST_HOST = "$(BUILT_PRODUCTS_DIR)/Apple Pie.app/$(BUNDLE_EXECUTABLE_FOLDER_PATH)/Apple Pie";
			};
			name = Release;
		};
		BE81F2032AFA916C0068D8A7 /* Debug */ = {
			isa = XCBuildConfiguration;
			buildSettings = {
				ALWAYS_EMBED_SWIFT_STANDARD_LIBRARIES = YES;
				CODE_SIGN_STYLE = Automatic;
				CURRENT_PROJECT_VERSION = 1;
				GENERATE_INFOPLIST_FILE = YES;
				MARKETING_VERSION = 1.0;
				PRODUCT_BUNDLE_IDENTIFIER = "MobileApps.Apple-PieUITests";
				PRODUCT_NAME = "$(TARGET_NAME)";
				SWIFT_EMIT_LOC_STRINGS = NO;
				SWIFT_VERSION = 5.0;
				TARGETED_DEVICE_FAMILY = "1,2";
				TEST_TARGET_NAME = "Apple Pie";
			};
			name = Debug;
		};
		BE81F2042AFA916C0068D8A7 /* Release */ = {
			isa = XCBuildConfiguration;
			buildSettings = {
				ALWAYS_EMBED_SWIFT_STANDARD_LIBRARIES = YES;
				CODE_SIGN_STYLE = Automatic;
				CURRENT_PROJECT_VERSION = 1;
				GENERATE_INFOPLIST_FILE = YES;
				MARKETING_VERSION = 1.0;
				PRODUCT_BUNDLE_IDENTIFIER = "MobileApps.Apple-PieUITests";
				PRODUCT_NAME = "$(TARGET_NAME)";
				SWIFT_EMIT_LOC_STRINGS = NO;
				SWIFT_VERSION = 5.0;
				TARGETED_DEVICE_FAMILY = "1,2";
				TEST_TARGET_NAME = "Apple Pie";
			};
			name = Release;
		};
/* End XCBuildConfiguration section */

/* Begin XCConfigurationList section */
		BE81F1CD2AFA916B0068D8A7 /* Build configuration list for PBXProject "Apple Pie" */ = {
			isa = XCConfigurationList;
			buildConfigurations = (
				BE81F1FA2AFA916C0068D8A7 /* Debug */,
				BE81F1FB2AFA916C0068D8A7 /* Release */,
			);
			defaultConfigurationIsVisible = 0;
			defaultConfigurationName = Release;
		};
		BE81F1FC2AFA916C0068D8A7 /* Build configuration list for PBXNativeTarget "Apple Pie" */ = {
			isa = XCConfigurationList;
			buildConfigurations = (
				BE81F1FD2AFA916C0068D8A7 /* Debug */,
				BE81F1FE2AFA916C0068D8A7 /* Release */,
			);
			defaultConfigurationIsVisible = 0;
			defaultConfigurationName = Release;
		};
		BE81F1FF2AFA916C0068D8A7 /* Build configuration list for PBXNativeTarget "Apple PieTests" */ = {
			isa = XCConfigurationList;
			buildConfigurations = (
				BE81F2002AFA916C0068D8A7 /* Debug */,
				BE81F2012AFA916C0068D8A7 /* Release */,
			);
			defaultConfigurationIsVisible = 0;
			defaultConfigurationName = Release;
		};
		BE81F2022AFA916C0068D8A7 /* Build configuration list for PBXNativeTarget "Apple PieUITests" */ = {
			isa = XCConfigurationList;
			buildConfigurations = (
				BE81F2032AFA916C0068D8A7 /* Debug */,
				BE81F2042AFA916C0068D8A7 /* Release */,
			);
			defaultConfigurationIsVisible = 0;
			defaultConfigurationName = Release;
		};
/* End XCConfigurationList section */
	};
	rootObject = BE81F1CA2AFA916B0068D8A7 /* Project object */;
}
